PODS:
  - awesome_notifications (0.7.5-dev.3):
    - Flutter
    - IosAwnCore (= 0.7.5-dev.3)
  - Flutter (1.0.0)
  - IosAwnCore (0.7.5-dev.3)
  - path_provider_foundation (0.0.1):
    - Flutter
    - FlutterMacOS

DEPENDENCIES:
  - awesome_notifications (from `.symlinks/plugins/awesome_notifications/ios`)
  - Flutter (from `Flutter`)
  - path_provider_foundation (from `.symlinks/plugins/path_provider_foundation/darwin`)

SPEC REPOS:
  trunk:
    - IosAwnCore

EXTERNAL SOURCES:
  awesome_notifications:
    :path: ".symlinks/plugins/awesome_notifications/ios"
  Flutter:
    :path: Flutter
  path_provider_foundation:
    :path: ".symlinks/plugins/path_provider_foundation/darwin"

SPEC CHECKSUMS:
  awesome_notifications: 1b6393d6ce02878dc50d0ae87baf7bdbc9d802a2
  Flutter: f04841e97a9d0b0a8025694d0796dd46242b2854
  IosAwnCore: edf31913fd18960ebcde7c05912dc860ca2b63b2
  path_provider_foundation: 29f094ae23ebbca9d3d0cec13889cd9060c0e943

PODFILE CHECKSUM: 70d9d25280d0dd177a5f637cdb0f0b0b12c6a189

COCOAPODS: 1.12.1
